
Microsoft Visual Studio Solution File, Format Version 12.00
# Visual Studio 15
VisualStudioVersion = 15.0.27428.2043
MinimumVisualStudioVersion = 10.0.40219.1
Project("{FAE04EC0-301F-11D3-BF4B-00C04F79EFBC}") = "ConsoleApp", "ConsoleApp\ConsoleApp.csproj", "{F2EC10DA-73E5-438B-8069-6AA0484DC72F}"
EndProject
Project("{FAE04EC0-301F-11D3-BF4B-00C04F79EFBC}") = "ApiApp", "ApiApp\ApiApp.csproj", "{1D2C8B90-BC81-4387-89D2-681AB9CBC7C3}"
EndProject
Project("{FAE04EC0-301F-11D3-BF4B-00C04F79EFBC}") = "MvcApp", "MvcApp\MvcApp.csproj", "{7619D23C-B72E-418F-9454-4A911FF6AAA4}"
EndProject
Global
	GlobalSection(SolutionConfigurationPlatforms) = preSolution
		Debug|Any CPU = Debug|Any CPU
		Release|Any CPU = Release|Any CPU
	EndGlobalSection
	GlobalSection(ProjectConfigurationPlatforms) = postSolution
		{F2EC10DA-73E5-438B-8069-6AA0484DC72F}.Debug|Any CPU.ActiveCfg = Debug|Any CPU
		{F2EC10DA-73E5-438B-8069-6AA0484DC72F}.Debug|Any CPU.Build.0 = Debug|Any CPU
		{F2EC10DA-73E5-438B-8069-6AA0484DC72F}.Release|Any CPU.ActiveCfg = Release|Any CPU
		{F2EC10DA-73E5-438B-8069-6AA0484DC72F}.Release|Any CPU.Build.0 = Release|Any CPU
		{1D2C8B90-BC81-4387-89D2-681AB9CBC7C3}.Debug|Any CPU.ActiveCfg = Debug|Any CPU
		{1D2C8B90-BC81-4387-89D2-681AB9CBC7C3}.Debug|Any CPU.Build.0 = Debug|Any CPU
		{1D2C8B90-BC81-4387-89D2-681AB9CBC7C3}.Release|Any CPU.ActiveCfg = Release|Any CPU
		{1D2C8B90-BC81-4387-89D2-681AB9CBC7C3}.Release|Any CPU.Build.0 = Release|Any CPU
		{7619D23C-B72E-418F-9454-4A911FF6AAA4}.Debug|Any CPU.ActiveCfg = Debug|Any CPU
		{7619D23C-B72E-418F-9454-4A911FF6AAA4}.Debug|Any CPU.Build.0 = Debug|Any CPU
		{7619D23C-B72E-418F-9454-4A911FF6AAA4}.Release|Any CPU.ActiveCfg = Release|Any CPU
		{7619D23C-B72E-418F-9454-4A911FF6AAA4}.Release|Any CPU.Build.0 = Release|Any CPU
	EndGlobalSection
	GlobalSection(SolutionProperties) = preSolution
		HideSolutionNode = FALSE
	EndGlobalSection
	GlobalSection(ExtensibilityGlobals) = postSolution
		SolutionGuid = {BD5E699A-1686-403E-B869-0BB1FCE9CB8E}
	EndGlobalSection
EndGlobal
